
Microsoft Visual Studio Solution File, Format Version 12.00
# Visual Studio Version 16
VisualStudioVersion = 16.0.31613.86
MinimumVisualStudioVersion = 10.0.40219.1
Project("{FAE04EC0-301F-11D3-BF4B-00C04F79EFBC}") = "ProsegurLoginApp.Android", "ProsegurLoginApp\ProsegurLoginApp.Android\ProsegurLoginApp.Android.csproj", "{A77FB0A5-CF04-42C0-9AFB-914ED8AE01B0}"
EndProject
Project("{FAE04EC0-301F-11D3-BF4B-00C04F79EFBC}") = "ProsegurLoginApp.iOS", "ProsegurLoginApp\ProsegurLoginApp.iOS\ProsegurLoginApp.iOS.csproj", "{E8EC82B4-631E-4470-852D-66D12F5F9694}"
EndProject
Project("{FAE04EC0-301F-11D3-BF4B-00C04F79EFBC}") = "ProsegurLoginApp", "ProsegurLoginApp\ProsegurLoginApp\ProsegurLoginApp.csproj", "{59FB5E96-1F71-4592-8A67-98D39498FC8C}"
EndProject
Global
	GlobalSection(SolutionConfigurationPlatforms) = preSolution
		Debug|Any CPU = Debug|Any CPU
		Debug|iPhone = Debug|iPhone
		Debug|iPhoneSimulator = Debug|iPhoneSimulator
		Release|Any CPU = Release|Any CPU
		Release|iPhone = Release|iPhone
		Release|iPhoneSimulator = Release|iPhoneSimulator
	EndGlobalSection
	GlobalSection(ProjectConfigurationPlatforms) = postSolution
		{A77FB0A5-CF04-42C0-9AFB-914ED8AE01B0}.Debug|Any CPU.ActiveCfg = Debug|Any CPU
		{A77FB0A5-CF04-42C0-9AFB-914ED8AE01B0}.Debug|Any CPU.Build.0 = Debug|Any CPU
		{A77FB0A5-CF04-42C0-9AFB-914ED8AE01B0}.Debug|Any CPU.Deploy.0 = Debug|Any CPU
		{A77FB0A5-CF04-42C0-9AFB-914ED8AE01B0}.Debug|iPhone.ActiveCfg = Debug|Any CPU
		{A77FB0A5-CF04-42C0-9AFB-914ED8AE01B0}.Debug|iPhone.Build.0 = Debug|Any CPU
		{A77FB0A5-CF04-42C0-9AFB-914ED8AE01B0}.Debug|iPhone.Deploy.0 = Debug|Any CPU
		{A77FB0A5-CF04-42C0-9AFB-914ED8AE01B0}.Debug|iPhoneSimulator.ActiveCfg = Debug|Any CPU
		{A77FB0A5-CF04-42C0-9AFB-914ED8AE01B0}.Debug|iPhoneSimulator.Build.0 = Debug|Any CPU
		{A77FB0A5-CF04-42C0-9AFB-914ED8AE01B0}.Debug|iPhoneSimulator.Deploy.0 = Debug|Any CPU
		{A77FB0A5-CF04-42C0-9AFB-914ED8AE01B0}.Release|Any CPU.ActiveCfg = Release|Any CPU
		{A77FB0A5-CF04-42C0-9AFB-914ED8AE01B0}.Release|Any CPU.Build.0 = Release|Any CPU
		{A77FB0A5-CF04-42C0-9AFB-914ED8AE01B0}.Release|Any CPU.Deploy.0 = Release|Any CPU
		{A77FB0A5-CF04-42C0-9AFB-914ED8AE01B0}.Release|iPhone.ActiveCfg = Release|Any CPU
		{A77FB0A5-CF04-42C0-9AFB-914ED8AE01B0}.Release|iPhone.Build.0 = Release|Any CPU
		{A77FB0A5-CF04-42C0-9AFB-914ED8AE01B0}.Release|iPhone.Deploy.0 = Release|Any CPU
		{A77FB0A5-CF04-42C0-9AFB-914ED8AE01B0}.Release|iPhoneSimulator.ActiveCfg = Release|Any CPU
		{A77FB0A5-CF04-42C0-9AFB-914ED8AE01B0}.Release|iPhoneSimulator.Build.0 = Release|Any CPU
		{A77FB0A5-CF04-42C0-9AFB-914ED8AE01B0}.Release|iPhoneSimulator.Deploy.0 = Release|Any CPU
		{E8EC82B4-631E-4470-852D-66D12F5F9694}.Debug|Any CPU.ActiveCfg = Debug|iPhone
		{E8EC82B4-631E-4470-852D-66D12F5F9694}.Debug|Any CPU.Build.0 = Debug|iPhone
		{E8EC82B4-631E-4470-852D-66D12F5F9694}.Debug|Any CPU.Deploy.0 = Debug|iPhone
		{E8EC82B4-631E-4470-852D-66D12F5F9694}.Debug|iPhone.ActiveCfg = Debug|iPhone
		{E8EC82B4-631E-4470-852D-66D12F5F9694}.Debug|iPhone.Build.0 = Debug|iPhone
		{E8EC82B4-631E-4470-852D-66D12F5F9694}.Debug|iPhone.Deploy.0 = Debug|iPhone
		{E8EC82B4-631E-4470-852D-66D12F5F9694}.Debug|iPhoneSimulator.ActiveCfg = Debug|iPhoneSimulator
		{E8EC82B4-631E-4470-852D-66D12F5F9694}.Debug|iPhoneSimulator.Build.0 = Debug|iPhoneSimulator
		{E8EC82B4-631E-4470-852D-66D12F5F9694}.Debug|iPhoneSimulator.Deploy.0 = Debug|iPhoneSimulator
		{E8EC82B4-631E-4470-852D-66D12F5F9694}.Release|Any CPU.ActiveCfg = Release|iPhoneSimulator
		{E8EC82B4-631E-4470-852D-66D12F5F9694}.Release|Any CPU.Build.0 = Release|iPhoneSimulator
		{E8EC82B4-631E-4470-852D-66D12F5F9694}.Release|Any CPU.Deploy.0 = Release|iPhoneSimulator
		{E8EC82B4-631E-4470-852D-66D12F5F9694}.Release|iPhone.ActiveCfg = Release|iPhone
		{E8EC82B4-631E-4470-852D-66D12F5F9694}.Release|iPhone.Build.0 = Release|iPhone
		{E8EC82B4-631E-4470-852D-66D12F5F9694}.Release|iPhone.Deploy.0 = Release|iPhone
		{E8EC82B4-631E-4470-852D-66D12F5F9694}.Release|iPhoneSimulator.ActiveCfg = Release|iPhoneSimulator
		{E8EC82B4-631E-4470-852D-66D12F5F9694}.Release|iPhoneSimulator.Build.0 = Release|iPhoneSimulator
		{E8EC82B4-631E-4470-852D-66D12F5F9694}.Release|iPhoneSimulator.Deploy.0 = Release|iPhoneSimulator
		{59FB5E96-1F71-4592-8A67-98D39498FC8C}.Debug|Any CPU.ActiveCfg = Debug|Any CPU
		{59FB5E96-1F71-4592-8A67-98D39498FC8C}.Debug|Any CPU.Build.0 = Debug|Any CPU
		{59FB5E96-1F71-4592-8A67-98D39498FC8C}.Debug|Any CPU.Deploy.0 = Debug|Any CPU
		{59FB5E96-1F71-4592-8A67-98D39498FC8C}.Debug|iPhone.ActiveCfg = Debug|Any CPU
		{59FB5E96-1F71-4592-8A67-98D39498FC8C}.Debug|iPhone.Build.0 = Debug|Any CPU
		{59FB5E96-1F71-4592-8A67-98D39498FC8C}.Debug|iPhone.Deploy.0 = Debug|Any CPU
		{59FB5E96-1F71-4592-8A67-98D39498FC8C}.Debug|iPhoneSimulator.ActiveCfg = Debug|Any CPU
		{59FB5E96-1F71-4592-8A67-98D39498FC8C}.Debug|iPhoneSimulator.Build.0 = Debug|Any CPU
		{59FB5E96-1F71-4592-8A67-98D39498FC8C}.Debug|iPhoneSimulator.Deploy.0 = Debug|Any CPU
		{59FB5E96-1F71-4592-8A67-98D39498FC8C}.Release|Any CPU.ActiveCfg = Release|Any CPU
		{59FB5E96-1F71-4592-8A67-98D39498FC8C}.Release|Any CPU.Build.0 = Release|Any CPU
		{59FB5E96-1F71-4592-8A67-98D39498FC8C}.Release|Any CPU.Deploy.0 = Release|Any CPU
		{59FB5E96-1F71-4592-8A67-98D39498FC8C}.Release|iPhone.ActiveCfg = Release|Any CPU
		{59FB5E96-1F71-4592-8A67-98D39498FC8C}.Release|iPhone.Build.0 = Release|Any CPU
		{59FB5E96-1F71-4592-8A67-98D39498FC8C}.Release|iPhone.Deploy.0 = Release|Any CPU
		{59FB5E96-1F71-4592-8A67-98D39498FC8C}.Release|iPhoneSimulator.ActiveCfg = Release|Any CPU
		{59FB5E96-1F71-4592-8A67-98D39498FC8C}.Release|iPhoneSimulator.Build.0 = Release|Any CPU
		{59FB5E96-1F71-4592-8A67-98D39498FC8C}.Release|iPhoneSimulator.Deploy.0 = Release|Any CPU
	EndGlobalSection
	GlobalSection(SolutionProperties) = preSolution
		HideSolutionNode = FALSE
	EndGlobalSection
	GlobalSection(ExtensibilityGlobals) = postSolution
		SolutionGuid = {212DBAAE-B81C-4A9E-8DFC-95B223E981E2}
	EndGlobalSection
EndGlobal
